Microsoft Visual Studio Solution File, Format Version 12.00
# Visual Studio Version 17
VisualStudioVersion = 17.13.35806.99
MinimumVisualStudioVersion = 10.0.40219.1
Project("{FAE04EC0-301F-11D3-BF4B-00C04F79EFBC}") = "ASS", "ASS\ASS.csproj", "{BC157269-1A76-4198-AD61-1194A90F8BC7}"
EndProject
Project("{FAE04EC0-301F-11D3-BF4B-00C04F79EFBC}") = "ASS-Editor", "ASS-Editor\ASS-Editor.csproj", "{2A853A14-F74C-46E3-A656-03B3F52BD848}"
EndProject
Global
	GlobalSection(SolutionConfigurationPlatforms) = preSolution
		Debug|Any CPU = Debug|Any CPU
		Release|Any CPU = Release|Any CPU
	EndGlobalSection
	GlobalSection(ProjectConfigurationPlatforms) = postSolution
		{BC157269-1A76-4198-AD61-1194A90F8BC7}.Debug|Any CPU.ActiveCfg = Debug|Any CPU
		{BC157269-1A76-4198-AD61-1194A90F8BC7}.Debug|Any CPU.Build.0 = Debug|Any CPU
		{BC157269-1A76-4198-AD61-1194A90F8BC7}.Release|Any CPU.ActiveCfg = Release|Any CPU
		{BC157269-1A76-4198-AD61-1194A90F8BC7}.Release|Any CPU.Build.0 = Release|Any CPU
		{2A853A14-F74C-46E3-A656-03B3F52BD848}.Debug|Any CPU.ActiveCfg = Debug|Any CPU
		{2A853A14-F74C-46E3-A656-03B3F52BD848}.Debug|Any CPU.Build.0 = Debug|Any CPU
		{2A853A14-F74C-46E3-A656-03B3F52BD848}.Release|Any CPU.ActiveCfg = Release|Any CPU
		{2A853A14-F74C-46E3-A656-03B3F52BD848}.Release|Any CPU.Build.0 = Release|Any CPU
	EndGlobalSection
	GlobalSection(SolutionProperties) = preSolution
		HideSolutionNode = FALSE
	EndGlobalSection
	GlobalSection(ExtensibilityGlobals) = postSolution
		SolutionGuid = {21D38BAE-D0D2-47CC-81DC-BF8D1D94C996}
	EndGlobalSection
EndGlobal
